
Microsoft Visual Studio Solution File, Format Version 12.00
# Visual Studio Version 17
VisualStudioVersion = 17.0.31903.59
MinimumVisualStudioVersion = 10.0.40219.1
Project("{2150E333-8FDC-42A3-9474-1A3956D46DE8}") = "src", "src", "{EBF12BCB-65D8-4619-AC50-2EE4FAF59C30}"
EndProject
Project("{FAE04EC0-301F-11D3-BF4B-00C04F79EFBC}") = "Creatorly.SolutionName.Core", "src\Creatorly.SolutionName.Core\Creatorly.SolutionName.Core.csproj", "{4FA6B6CF-F1BA-479C-8C77-51231AFF3DBE}"
EndProject
Project("{FAE04EC0-301F-11D3-BF4B-00C04F79EFBC}") = "Creatorly.SolutionName.Core.Tests", "src\Creatorly.SolutionName.Core.Tests\Creatorly.SolutionName.Core.Tests.csproj", "{E690DA17-2B68-47C1-9E70-BC83B84D363A}"
EndProject
Global
	GlobalSection(SolutionConfigurationPlatforms) = preSolution
		Debug|Any CPU = Debug|Any CPU
		Release|Any CPU = Release|Any CPU
	EndGlobalSection
	GlobalSection(SolutionProperties) = preSolution
		HideSolutionNode = FALSE
	EndGlobalSection
	GlobalSection(ProjectConfigurationPlatforms) = postSolution
		{4FA6B6CF-F1BA-479C-8C77-51231AFF3DBE}.Debug|Any CPU.ActiveCfg = Debug|x64
		{4FA6B6CF-F1BA-479C-8C77-51231AFF3DBE}.Debug|Any CPU.Build.0 = Debug|x64
		{4FA6B6CF-F1BA-479C-8C77-51231AFF3DBE}.Release|Any CPU.ActiveCfg = Release|x64
		{4FA6B6CF-F1BA-479C-8C77-51231AFF3DBE}.Release|Any CPU.Build.0 = Release|x64
		{E690DA17-2B68-47C1-9E70-BC83B84D363A}.Debug|Any CPU.ActiveCfg = Debug|x64
		{E690DA17-2B68-47C1-9E70-BC83B84D363A}.Debug|Any CPU.Build.0 = Debug|x64
		{E690DA17-2B68-47C1-9E70-BC83B84D363A}.Release|Any CPU.ActiveCfg = Release|x64
		{E690DA17-2B68-47C1-9E70-BC83B84D363A}.Release|Any CPU.Build.0 = Release|x64
	EndGlobalSection
	GlobalSection(NestedProjects) = preSolution
		{4FA6B6CF-F1BA-479C-8C77-51231AFF3DBE} = {EBF12BCB-65D8-4619-AC50-2EE4FAF59C30}
		{E690DA17-2B68-47C1-9E70-BC83B84D363A} = {EBF12BCB-65D8-4619-AC50-2EE4FAF59C30}
	EndGlobalSection
EndGlobal
